
Microsoft Visual Studio Solution File, Format Version 12.00
# Visual Studio Version 17
VisualStudioVersion = 17.2.32630.192
MinimumVisualStudioVersion = 10.0.40219.1
Project("{FAE04EC0-301F-11D3-BF4B-00C04F79EFBC}") = "02. Zoo", "02. Zoo\02. Zoo.csproj", "{FFEA4DBE-6B92-48BC-A3A0-36FE9F35445A}"
EndProject
Project("{FAE04EC0-301F-11D3-BF4B-00C04F79EFBC}") = "03. Players and Monsters", "03. Players and Monsters\03. Players and Monsters.csproj", "{6EB91632-C7B0-48C2-928A-462680C2517F}"
EndProject
Project("{FAE04EC0-301F-11D3-BF4B-00C04F79EFBC}") = "04. Need for Speed", "04. Need for Speed\04. Need for Speed.csproj", "{AC0D7485-645A-4555-8F55-0E6E4193806A}"
EndProject
Project("{FAE04EC0-301F-11D3-BF4B-00C04F79EFBC}") = "05. Resturant", "05. Resturant\05. Resturant.csproj", "{3BFC568C-9730-40DE-8D61-CBF7817FE480}"
EndProject
Project("{FAE04EC0-301F-11D3-BF4B-00C04F79EFBC}") = "06. Animals", "06. Animals\06. Animals.csproj", "{8C75C5D0-99B9-4DA1-AF9C-5AC6CB379625}"
EndProject
Global
	GlobalSection(SolutionConfigurationPlatforms) = preSolution
		Debug|Any CPU = Debug|Any CPU
		Release|Any CPU = Release|Any CPU
	EndGlobalSection
	GlobalSection(ProjectConfigurationPlatforms) = postSolution
		{FFEA4DBE-6B92-48BC-A3A0-36FE9F35445A}.Debug|Any CPU.ActiveCfg = Debug|Any CPU
		{FFEA4DBE-6B92-48BC-A3A0-36FE9F35445A}.Debug|Any CPU.Build.0 = Debug|Any CPU
		{FFEA4DBE-6B92-48BC-A3A0-36FE9F35445A}.Release|Any CPU.ActiveCfg = Release|Any CPU
		{FFEA4DBE-6B92-48BC-A3A0-36FE9F35445A}.Release|Any CPU.Build.0 = Release|Any CPU
		{6EB91632-C7B0-48C2-928A-462680C2517F}.Debug|Any CPU.ActiveCfg = Debug|Any CPU
		{6EB91632-C7B0-48C2-928A-462680C2517F}.Debug|Any CPU.Build.0 = Debug|Any CPU
		{6EB91632-C7B0-48C2-928A-462680C2517F}.Release|Any CPU.ActiveCfg = Release|Any CPU
		{6EB91632-C7B0-48C2-928A-462680C2517F}.Release|Any CPU.Build.0 = Release|Any CPU
		{AC0D7485-645A-4555-8F55-0E6E4193806A}.Debug|Any CPU.ActiveCfg = Debug|Any CPU
		{AC0D7485-645A-4555-8F55-0E6E4193806A}.Debug|Any CPU.Build.0 = Debug|Any CPU
		{AC0D7485-645A-4555-8F55-0E6E4193806A}.Release|Any CPU.ActiveCfg = Release|Any CPU
		{AC0D7485-645A-4555-8F55-0E6E4193806A}.Release|Any CPU.Build.0 = Release|Any CPU
		{3BFC568C-9730-40DE-8D61-CBF7817FE480}.Debug|Any CPU.ActiveCfg = Debug|Any CPU
		{3BFC568C-9730-40DE-8D61-CBF7817FE480}.Debug|Any CPU.Build.0 = Debug|Any CPU
		{3BFC568C-9730-40DE-8D61-CBF7817FE480}.Release|Any CPU.ActiveCfg = Release|Any CPU
		{3BFC568C-9730-40DE-8D61-CBF7817FE480}.Release|Any CPU.Build.0 = Release|Any CPU
		{8C75C5D0-99B9-4DA1-AF9C-5AC6CB379625}.Debug|Any CPU.ActiveCfg = Debug|Any CPU
		{8C75C5D0-99B9-4DA1-AF9C-5AC6CB379625}.Debug|Any CPU.Build.0 = Debug|Any CPU
		{8C75C5D0-99B9-4DA1-AF9C-5AC6CB379625}.Release|Any CPU.ActiveCfg = Release|Any CPU
		{8C75C5D0-99B9-4DA1-AF9C-5AC6CB379625}.Release|Any CPU.Build.0 = Release|Any CPU
	EndGlobalSection
	GlobalSection(SolutionProperties) = preSolution
		HideSolutionNode = FALSE
	EndGlobalSection
	GlobalSection(ExtensibilityGlobals) = postSolution
		SolutionGuid = {8DA4649F-D582-4257-A58A-D07D4AE09369}
	EndGlobalSection
EndGlobal
