
Microsoft Visual Studio Solution File, Format Version 12.00
# Visual Studio Version 16
VisualStudioVersion = 16.0.30621.155
MinimumVisualStudioVersion = 10.0.40219.1
Project("{FAE04EC0-301F-11D3-BF4B-00C04F79EFBC}") = "9. Lists - Lab", "9. Lists - Lab\9. Lists - Lab.csproj", "{18C0B089-CA73-4A76-8DC8-6B3F31296626}"
EndProject
Global
	GlobalSection(SolutionConfigurationPlatforms) = preSolution
		Debug|Any CPU = Debug|Any CPU
		Release|Any CPU = Release|Any CPU
	EndGlobalSection
	GlobalSection(ProjectConfigurationPlatforms) = postSolution
		{18C0B089-CA73-4A76-8DC8-6B3F31296626}.Debug|Any CPU.ActiveCfg = Debug|Any CPU
		{18C0B089-CA73-4A76-8DC8-6B3F31296626}.Debug|Any CPU.Build.0 = Debug|Any CPU
		{18C0B089-CA73-4A76-8DC8-6B3F31296626}.Release|Any CPU.ActiveCfg = Release|Any CPU
		{18C0B089-CA73-4A76-8DC8-6B3F31296626}.Release|Any CPU.Build.0 = Release|Any CPU
	EndGlobalSection
	GlobalSection(SolutionProperties) = preSolution
		HideSolutionNode = FALSE
	EndGlobalSection
	GlobalSection(ExtensibilityGlobals) = postSolution
		SolutionGuid = {0F5998FD-3022-403B-97FA-5AEF476828CD}
	EndGlobalSection
EndGlobal
