
Microsoft Visual Studio Solution File, Format Version 12.00
# Visual Studio Version 17
VisualStudioVersion = 17.4.33205.214
MinimumVisualStudioVersion = 10.0.40219.1
Project("{FAE04EC0-301F-11D3-BF4B-00C04F79EFBC}") = "01. Recursive Array Sum", "01. Recursive Array Sum.csproj", "{D6F4DFFC-BB42-40E0-955E-0615E1C432D6}"
EndProject
Project("{FAE04EC0-301F-11D3-BF4B-00C04F79EFBC}") = "02. Recursive Factorial", "..\02. Recursive Factorial\02. Recursive Factorial.csproj", "{88335B61-DD7E-43F6-8526-B375B917E6CD}"
EndProject
Project("{FAE04EC0-301F-11D3-BF4B-00C04F79EFBC}") = "03. Recursive Drawing", "..\03. Recursive Drawing\03. Recursive Drawing.csproj", "{71F241A1-03FE-4850-9449-ED3FC383CF83}"
EndProject
Project("{FAE04EC0-301F-11D3-BF4B-00C04F79EFBC}") = "04. Generating Vectors", "..\04. Generating Vectors\04. Generating Vectors.csproj", "{62D12E30-F348-4A77-8787-7164625DC570}"
EndProject
Project("{FAE04EC0-301F-11D3-BF4B-00C04F79EFBC}") = "05. Generating Combinations", "..\05. Generating Combinations\05. Generating Combinations.csproj", "{675FA757-2922-4D62-9919-105F6BA74B1C}"
EndProject
Global
	GlobalSection(SolutionConfigurationPlatforms) = preSolution
		Debug|Any CPU = Debug|Any CPU
		Release|Any CPU = Release|Any CPU
	EndGlobalSection
	GlobalSection(ProjectConfigurationPlatforms) = postSolution
		{D6F4DFFC-BB42-40E0-955E-0615E1C432D6}.Debug|Any CPU.ActiveCfg = Debug|Any CPU
		{D6F4DFFC-BB42-40E0-955E-0615E1C432D6}.Debug|Any CPU.Build.0 = Debug|Any CPU
		{D6F4DFFC-BB42-40E0-955E-0615E1C432D6}.Release|Any CPU.ActiveCfg = Release|Any CPU
		{D6F4DFFC-BB42-40E0-955E-0615E1C432D6}.Release|Any CPU.Build.0 = Release|Any CPU
		{88335B61-DD7E-43F6-8526-B375B917E6CD}.Debug|Any CPU.ActiveCfg = Debug|Any CPU
		{88335B61-DD7E-43F6-8526-B375B917E6CD}.Debug|Any CPU.Build.0 = Debug|Any CPU
		{88335B61-DD7E-43F6-8526-B375B917E6CD}.Release|Any CPU.ActiveCfg = Release|Any CPU
		{88335B61-DD7E-43F6-8526-B375B917E6CD}.Release|Any CPU.Build.0 = Release|Any CPU
		{71F241A1-03FE-4850-9449-ED3FC383CF83}.Debug|Any CPU.ActiveCfg = Debug|Any CPU
		{71F241A1-03FE-4850-9449-ED3FC383CF83}.Debug|Any CPU.Build.0 = Debug|Any CPU
		{71F241A1-03FE-4850-9449-ED3FC383CF83}.Release|Any CPU.ActiveCfg = Release|Any CPU
		{71F241A1-03FE-4850-9449-ED3FC383CF83}.Release|Any CPU.Build.0 = Release|Any CPU
		{62D12E30-F348-4A77-8787-7164625DC570}.Debug|Any CPU.ActiveCfg = Debug|Any CPU
		{62D12E30-F348-4A77-8787-7164625DC570}.Debug|Any CPU.Build.0 = Debug|Any CPU
		{62D12E30-F348-4A77-8787-7164625DC570}.Release|Any CPU.ActiveCfg = Release|Any CPU
		{62D12E30-F348-4A77-8787-7164625DC570}.Release|Any CPU.Build.0 = Release|Any CPU
		{675FA757-2922-4D62-9919-105F6BA74B1C}.Debug|Any CPU.ActiveCfg = Debug|Any CPU
		{675FA757-2922-4D62-9919-105F6BA74B1C}.Debug|Any CPU.Build.0 = Debug|Any CPU
		{675FA757-2922-4D62-9919-105F6BA74B1C}.Release|Any CPU.ActiveCfg = Release|Any CPU
		{675FA757-2922-4D62-9919-105F6BA74B1C}.Release|Any CPU.Build.0 = Release|Any CPU
	EndGlobalSection
	GlobalSection(SolutionProperties) = preSolution
		HideSolutionNode = FALSE
	EndGlobalSection
	GlobalSection(ExtensibilityGlobals) = postSolution
		SolutionGuid = {E14D1249-E016-4231-946D-1FA1B29F6A0A}
	EndGlobalSection
EndGlobal
