
Microsoft Visual Studio Solution File, Format Version 12.00
# Visual Studio Version 17
VisualStudioVersion = 17.5.33502.453
MinimumVisualStudioVersion = 10.0.40219.1
Project("{9A19103F-16F7-4668-BE54-9A1E7A4F7556}") = "02. Average Student Grades", "02. Average Student Grades\02. Average Student Grades.csproj", "{8AA1535B-69C4-481C-908F-B0E34F411011}"
EndProject
Project("{9A19103F-16F7-4668-BE54-9A1E7A4F7556}") = "03. Product Shop", "03. Product Shop\03. Product Shop.csproj", "{AB4B59B5-5001-4870-8301-59295EA6C619}"
EndProject
Project("{9A19103F-16F7-4668-BE54-9A1E7A4F7556}") = "04. Cities by Continent and Country", "04. Cities by Continent and Country\04. Cities by Continent and Country.csproj", "{F17DC9FA-277A-4F68-967D-17BA25362A2D}"
EndProject
Project("{9A19103F-16F7-4668-BE54-9A1E7A4F7556}") = "05. Record Unique Names", "05. Record Unique Names\05. Record Unique Names.csproj", "{628391A4-BEB3-436F-A19B-8A09EE2BE613}"
EndProject
Project("{9A19103F-16F7-4668-BE54-9A1E7A4F7556}") = "06. Parking Lot", "06. Parking Lot\06. Parking Lot.csproj", "{E423120A-6300-487E-9114-0A5CA910B16D}"
EndProject
Project("{9A19103F-16F7-4668-BE54-9A1E7A4F7556}") = "07. SoftUni Party", "07. SoftUni Party\07. SoftUni Party.csproj", "{0F72850B-D94C-4626-8F05-67AE457D2D49}"
EndProject
Project("{FAE04EC0-301F-11D3-BF4B-00C04F79EFBC}") = "01. Count Same Values in Array", "01. Count Same Values in Array\01. Count Same Values in Array.csproj", "{C9C00AAC-D7FC-481E-8F87-C9E41CA674A0}"
EndProject
Global
	GlobalSection(SolutionConfigurationPlatforms) = preSolution
		Debug|Any CPU = Debug|Any CPU
		Release|Any CPU = Release|Any CPU
	EndGlobalSection
	GlobalSection(ProjectConfigurationPlatforms) = postSolution
		{8AA1535B-69C4-481C-908F-B0E34F411011}.Debug|Any CPU.ActiveCfg = Debug|Any CPU
		{8AA1535B-69C4-481C-908F-B0E34F411011}.Debug|Any CPU.Build.0 = Debug|Any CPU
		{8AA1535B-69C4-481C-908F-B0E34F411011}.Release|Any CPU.ActiveCfg = Release|Any CPU
		{8AA1535B-69C4-481C-908F-B0E34F411011}.Release|Any CPU.Build.0 = Release|Any CPU
		{AB4B59B5-5001-4870-8301-59295EA6C619}.Debug|Any CPU.ActiveCfg = Debug|Any CPU
		{AB4B59B5-5001-4870-8301-59295EA6C619}.Debug|Any CPU.Build.0 = Debug|Any CPU
		{AB4B59B5-5001-4870-8301-59295EA6C619}.Release|Any CPU.ActiveCfg = Release|Any CPU
		{AB4B59B5-5001-4870-8301-59295EA6C619}.Release|Any CPU.Build.0 = Release|Any CPU
		{F17DC9FA-277A-4F68-967D-17BA25362A2D}.Debug|Any CPU.ActiveCfg = Debug|Any CPU
		{F17DC9FA-277A-4F68-967D-17BA25362A2D}.Debug|Any CPU.Build.0 = Debug|Any CPU
		{F17DC9FA-277A-4F68-967D-17BA25362A2D}.Release|Any CPU.ActiveCfg = Release|Any CPU
		{F17DC9FA-277A-4F68-967D-17BA25362A2D}.Release|Any CPU.Build.0 = Release|Any CPU
		{628391A4-BEB3-436F-A19B-8A09EE2BE613}.Debug|Any CPU.ActiveCfg = Debug|Any CPU
		{628391A4-BEB3-436F-A19B-8A09EE2BE613}.Debug|Any CPU.Build.0 = Debug|Any CPU
		{628391A4-BEB3-436F-A19B-8A09EE2BE613}.Release|Any CPU.ActiveCfg = Release|Any CPU
		{628391A4-BEB3-436F-A19B-8A09EE2BE613}.Release|Any CPU.Build.0 = Release|Any CPU
		{E423120A-6300-487E-9114-0A5CA910B16D}.Debug|Any CPU.ActiveCfg = Debug|Any CPU
		{E423120A-6300-487E-9114-0A5CA910B16D}.Debug|Any CPU.Build.0 = Debug|Any CPU
		{E423120A-6300-487E-9114-0A5CA910B16D}.Release|Any CPU.ActiveCfg = Release|Any CPU
		{E423120A-6300-487E-9114-0A5CA910B16D}.Release|Any CPU.Build.0 = Release|Any CPU
		{0F72850B-D94C-4626-8F05-67AE457D2D49}.Debug|Any CPU.ActiveCfg = Debug|Any CPU
		{0F72850B-D94C-4626-8F05-67AE457D2D49}.Debug|Any CPU.Build.0 = Debug|Any CPU
		{0F72850B-D94C-4626-8F05-67AE457D2D49}.Release|Any CPU.ActiveCfg = Release|Any CPU
		{0F72850B-D94C-4626-8F05-67AE457D2D49}.Release|Any CPU.Build.0 = Release|Any CPU
		{C9C00AAC-D7FC-481E-8F87-C9E41CA674A0}.Debug|Any CPU.ActiveCfg = Debug|Any CPU
		{C9C00AAC-D7FC-481E-8F87-C9E41CA674A0}.Debug|Any CPU.Build.0 = Debug|Any CPU
		{C9C00AAC-D7FC-481E-8F87-C9E41CA674A0}.Release|Any CPU.ActiveCfg = Release|Any CPU
		{C9C00AAC-D7FC-481E-8F87-C9E41CA674A0}.Release|Any CPU.Build.0 = Release|Any CPU
	EndGlobalSection
	GlobalSection(SolutionProperties) = preSolution
		HideSolutionNode = FALSE
	EndGlobalSection
	GlobalSection(ExtensibilityGlobals) = postSolution
		SolutionGuid = {3D65AE5B-4BEA-47C6-AA98-B6C2A73A238B}
	EndGlobalSection
EndGlobal
