
Microsoft Visual Studio Solution File, Format Version 12.00
# Visual Studio Version 17
VisualStudioVersion = 17.5.33502.453
MinimumVisualStudioVersion = 10.0.40219.1
Project("{FAE04EC0-301F-11D3-BF4B-00C04F79EFBC}") = "08. SOLID - Exercise", "08. SOLID - Exercise\08. SOLID - Exercise.csproj", "{54CCE705-5405-4C2D-905D-5241DC85E28E}"
EndProject
Project("{FAE04EC0-301F-11D3-BF4B-00C04F79EFBC}") = "01. Logger", "01. Logger\01. Logger.csproj", "{D18AFADF-444D-4209-9747-3B331D23B15F}"
EndProject
Global
	GlobalSection(SolutionConfigurationPlatforms) = preSolution
		Debug|Any CPU = Debug|Any CPU
		Release|Any CPU = Release|Any CPU
	EndGlobalSection
	GlobalSection(ProjectConfigurationPlatforms) = postSolution
		{54CCE705-5405-4C2D-905D-5241DC85E28E}.Debug|Any CPU.ActiveCfg = Debug|Any CPU
		{54CCE705-5405-4C2D-905D-5241DC85E28E}.Debug|Any CPU.Build.0 = Debug|Any CPU
		{54CCE705-5405-4C2D-905D-5241DC85E28E}.Release|Any CPU.ActiveCfg = Release|Any CPU
		{54CCE705-5405-4C2D-905D-5241DC85E28E}.Release|Any CPU.Build.0 = Release|Any CPU
		{D18AFADF-444D-4209-9747-3B331D23B15F}.Debug|Any CPU.ActiveCfg = Debug|Any CPU
		{D18AFADF-444D-4209-9747-3B331D23B15F}.Debug|Any CPU.Build.0 = Debug|Any CPU
		{D18AFADF-444D-4209-9747-3B331D23B15F}.Release|Any CPU.ActiveCfg = Release|Any CPU
		{D18AFADF-444D-4209-9747-3B331D23B15F}.Release|Any CPU.Build.0 = Release|Any CPU
	EndGlobalSection
	GlobalSection(SolutionProperties) = preSolution
		HideSolutionNode = FALSE
	EndGlobalSection
	GlobalSection(ExtensibilityGlobals) = postSolution
		SolutionGuid = {A992A58D-F675-4418-A661-FA467A0FC029}
	EndGlobalSection
EndGlobal
