
Microsoft Visual Studio Solution File, Format Version 12.00
# Visual Studio Version 16
VisualStudioVersion = 16.0.29806.167
MinimumVisualStudioVersion = 10.0.40219.1
Project("{FAE04EC0-301F-11D3-BF4B-00C04F79EFBC}") = "01. Bonus Scoring System", "Fundamentals Mid Exam\01. Bonus Scoring System.csproj", "{751F82FD-E76D-4D3A-AC03-F9526F91A3B2}"
EndProject
Project("{FAE04EC0-301F-11D3-BF4B-00C04F79EFBC}") = "02. Mu Online", "02. Mu Online\02. Mu Online.csproj", "{15E55831-47FF-48EE-BE0F-29048E51E1BD}"
EndProject
Project("{FAE04EC0-301F-11D3-BF4B-00C04F79EFBC}") = "03. Inventory", "03. Inventory\03. Inventory.csproj", "{0543BFA0-04D2-401D-B805-20AEF176B323}"
EndProject
Global
	GlobalSection(SolutionConfigurationPlatforms) = preSolution
		Debug|Any CPU = Debug|Any CPU
		Release|Any CPU = Release|Any CPU
	EndGlobalSection
	GlobalSection(ProjectConfigurationPlatforms) = postSolution
		{751F82FD-E76D-4D3A-AC03-F9526F91A3B2}.Debug|Any CPU.ActiveCfg = Debug|Any CPU
		{751F82FD-E76D-4D3A-AC03-F9526F91A3B2}.Debug|Any CPU.Build.0 = Debug|Any CPU
		{751F82FD-E76D-4D3A-AC03-F9526F91A3B2}.Release|Any CPU.ActiveCfg = Release|Any CPU
		{751F82FD-E76D-4D3A-AC03-F9526F91A3B2}.Release|Any CPU.Build.0 = Release|Any CPU
		{15E55831-47FF-48EE-BE0F-29048E51E1BD}.Debug|Any CPU.ActiveCfg = Debug|Any CPU
		{15E55831-47FF-48EE-BE0F-29048E51E1BD}.Debug|Any CPU.Build.0 = Debug|Any CPU
		{15E55831-47FF-48EE-BE0F-29048E51E1BD}.Release|Any CPU.ActiveCfg = Release|Any CPU
		{15E55831-47FF-48EE-BE0F-29048E51E1BD}.Release|Any CPU.Build.0 = Release|Any CPU
		{0543BFA0-04D2-401D-B805-20AEF176B323}.Debug|Any CPU.ActiveCfg = Debug|Any CPU
		{0543BFA0-04D2-401D-B805-20AEF176B323}.Debug|Any CPU.Build.0 = Debug|Any CPU
		{0543BFA0-04D2-401D-B805-20AEF176B323}.Release|Any CPU.ActiveCfg = Release|Any CPU
		{0543BFA0-04D2-401D-B805-20AEF176B323}.Release|Any CPU.Build.0 = Release|Any CPU
	EndGlobalSection
	GlobalSection(SolutionProperties) = preSolution
		HideSolutionNode = FALSE
	EndGlobalSection
	GlobalSection(ExtensibilityGlobals) = postSolution
		SolutionGuid = {8E847685-55B6-4A99-B752-7F0F95FB86B0}
	EndGlobalSection
EndGlobal
