
Microsoft Visual Studio Solution File, Format Version 12.00
# Visual Studio Version 16
VisualStudioVersion = 16.0.29806.167
MinimumVisualStudioVersion = 10.0.40219.1
Project("{FAE04EC0-301F-11D3-BF4B-00C04F79EFBC}") = "01. Basic Stacks Operations", "02. StacksAndQueues - Exercise\01. Basic Stacks Operations.csproj", "{3620C093-7752-404E-BA69-956F99F589D6}"
EndProject
Project("{FAE04EC0-301F-11D3-BF4B-00C04F79EFBC}") = "02. Basic Queue Operations", "02. Basic Queue Operations\02. Basic Queue Operations.csproj", "{759B1856-66E1-49B4-9455-0B6BDD4CF82E}"
EndProject
Project("{FAE04EC0-301F-11D3-BF4B-00C04F79EFBC}") = "03. Maximum and Minimum Element", "03. Maximum and Minimum Element\03. Maximum and Minimum Element.csproj", "{A5C8E1E1-5766-4662-8A53-FAEB7693F844}"
EndProject
Project("{FAE04EC0-301F-11D3-BF4B-00C04F79EFBC}") = "04. Fast Food", "04. Fast Food\04. Fast Food.csproj", "{43AA5BB3-334E-48BD-A628-8A018EE9CFE6}"
EndProject
Project("{FAE04EC0-301F-11D3-BF4B-00C04F79EFBC}") = "05. Fashion Boutique", "05. Fashion Boutique\05. Fashion Boutique.csproj", "{EC17E708-6B6C-4747-98B8-E025AA792871}"
EndProject
Project("{FAE04EC0-301F-11D3-BF4B-00C04F79EFBC}") = "06. Songs Queue", "06. Songs Queue\06. Songs Queue.csproj", "{17922261-01D1-4E35-A545-7897BB206D6F}"
EndProject
Project("{FAE04EC0-301F-11D3-BF4B-00C04F79EFBC}") = "07. Track Tour", "07. Track Tour\07. Track Tour.csproj", "{9EAB0263-0D50-4F2B-9CC6-DC13491DFEE6}"
EndProject
Global
	GlobalSection(SolutionConfigurationPlatforms) = preSolution
		Debug|Any CPU = Debug|Any CPU
		Release|Any CPU = Release|Any CPU
	EndGlobalSection
	GlobalSection(ProjectConfigurationPlatforms) = postSolution
		{3620C093-7752-404E-BA69-956F99F589D6}.Debug|Any CPU.ActiveCfg = Debug|Any CPU
		{3620C093-7752-404E-BA69-956F99F589D6}.Debug|Any CPU.Build.0 = Debug|Any CPU
		{3620C093-7752-404E-BA69-956F99F589D6}.Release|Any CPU.ActiveCfg = Release|Any CPU
		{3620C093-7752-404E-BA69-956F99F589D6}.Release|Any CPU.Build.0 = Release|Any CPU
		{759B1856-66E1-49B4-9455-0B6BDD4CF82E}.Debug|Any CPU.ActiveCfg = Debug|Any CPU
		{759B1856-66E1-49B4-9455-0B6BDD4CF82E}.Debug|Any CPU.Build.0 = Debug|Any CPU
		{759B1856-66E1-49B4-9455-0B6BDD4CF82E}.Release|Any CPU.ActiveCfg = Release|Any CPU
		{759B1856-66E1-49B4-9455-0B6BDD4CF82E}.Release|Any CPU.Build.0 = Release|Any CPU
		{A5C8E1E1-5766-4662-8A53-FAEB7693F844}.Debug|Any CPU.ActiveCfg = Debug|Any CPU
		{A5C8E1E1-5766-4662-8A53-FAEB7693F844}.Debug|Any CPU.Build.0 = Debug|Any CPU
		{A5C8E1E1-5766-4662-8A53-FAEB7693F844}.Release|Any CPU.ActiveCfg = Release|Any CPU
		{A5C8E1E1-5766-4662-8A53-FAEB7693F844}.Release|Any CPU.Build.0 = Release|Any CPU
		{43AA5BB3-334E-48BD-A628-8A018EE9CFE6}.Debug|Any CPU.ActiveCfg = Debug|Any CPU
		{43AA5BB3-334E-48BD-A628-8A018EE9CFE6}.Debug|Any CPU.Build.0 = Debug|Any CPU
		{43AA5BB3-334E-48BD-A628-8A018EE9CFE6}.Release|Any CPU.ActiveCfg = Release|Any CPU
		{43AA5BB3-334E-48BD-A628-8A018EE9CFE6}.Release|Any CPU.Build.0 = Release|Any CPU
		{EC17E708-6B6C-4747-98B8-E025AA792871}.Debug|Any CPU.ActiveCfg = Debug|Any CPU
		{EC17E708-6B6C-4747-98B8-E025AA792871}.Debug|Any CPU.Build.0 = Debug|Any CPU
		{EC17E708-6B6C-4747-98B8-E025AA792871}.Release|Any CPU.ActiveCfg = Release|Any CPU
		{EC17E708-6B6C-4747-98B8-E025AA792871}.Release|Any CPU.Build.0 = Release|Any CPU
		{17922261-01D1-4E35-A545-7897BB206D6F}.Debug|Any CPU.ActiveCfg = Debug|Any CPU
		{17922261-01D1-4E35-A545-7897BB206D6F}.Debug|Any CPU.Build.0 = Debug|Any CPU
		{17922261-01D1-4E35-A545-7897BB206D6F}.Release|Any CPU.ActiveCfg = Release|Any CPU
		{17922261-01D1-4E35-A545-7897BB206D6F}.Release|Any CPU.Build.0 = Release|Any CPU
		{9EAB0263-0D50-4F2B-9CC6-DC13491DFEE6}.Debug|Any CPU.ActiveCfg = Debug|Any CPU
		{9EAB0263-0D50-4F2B-9CC6-DC13491DFEE6}.Debug|Any CPU.Build.0 = Debug|Any CPU
		{9EAB0263-0D50-4F2B-9CC6-DC13491DFEE6}.Release|Any CPU.ActiveCfg = Release|Any CPU
		{9EAB0263-0D50-4F2B-9CC6-DC13491DFEE6}.Release|Any CPU.Build.0 = Release|Any CPU
	EndGlobalSection
	GlobalSection(SolutionProperties) = preSolution
		HideSolutionNode = FALSE
	EndGlobalSection
	GlobalSection(ExtensibilityGlobals) = postSolution
		SolutionGuid = {77D202B1-68D1-4E85-97CB-5FDE9823EC57}
	EndGlobalSection
EndGlobal
