
Microsoft Visual Studio Solution File, Format Version 12.00
# Visual Studio Version 17
VisualStudioVersion = 17.2.32630.192
MinimumVisualStudioVersion = 10.0.40219.1
Project("{9A19103F-16F7-4668-BE54-9A1E7A4F7556}") = "02. Zoo", "02. Zoo\02. Zoo.csproj", "{E7DBBABF-FD60-4549-9F73-992B72CFBD02}"
EndProject
Project("{FAE04EC0-301F-11D3-BF4B-00C04F79EFBC}") = "06. Animals", "06. Animals\06. Animals.csproj", "{AE45826D-AF3C-4807-B058-8BB910D98F5D}"
EndProject
Project("{2150E333-8FDC-42A3-9474-1A3956D46DE8}") = "Solution Items", "Solution Items", "{24459A50-DED6-4C1A-867B-37AFFAFB56E6}"
	ProjectSection(SolutionItems) = preProject
		.editorconfig = .editorconfig
	EndProjectSection
EndProject
Global
	GlobalSection(SolutionConfigurationPlatforms) = preSolution
		Debug|Any CPU = Debug|Any CPU
		Release|Any CPU = Release|Any CPU
	EndGlobalSection
	GlobalSection(ProjectConfigurationPlatforms) = postSolution
		{E7DBBABF-FD60-4549-9F73-992B72CFBD02}.Debug|Any CPU.ActiveCfg = Debug|Any CPU
		{E7DBBABF-FD60-4549-9F73-992B72CFBD02}.Debug|Any CPU.Build.0 = Debug|Any CPU
		{E7DBBABF-FD60-4549-9F73-992B72CFBD02}.Release|Any CPU.ActiveCfg = Release|Any CPU
		{E7DBBABF-FD60-4549-9F73-992B72CFBD02}.Release|Any CPU.Build.0 = Release|Any CPU
		{AE45826D-AF3C-4807-B058-8BB910D98F5D}.Debug|Any CPU.ActiveCfg = Debug|Any CPU
		{AE45826D-AF3C-4807-B058-8BB910D98F5D}.Debug|Any CPU.Build.0 = Debug|Any CPU
		{AE45826D-AF3C-4807-B058-8BB910D98F5D}.Release|Any CPU.ActiveCfg = Release|Any CPU
		{AE45826D-AF3C-4807-B058-8BB910D98F5D}.Release|Any CPU.Build.0 = Release|Any CPU
	EndGlobalSection
	GlobalSection(SolutionProperties) = preSolution
		HideSolutionNode = FALSE
	EndGlobalSection
	GlobalSection(ExtensibilityGlobals) = postSolution
		SolutionGuid = {D4A0097D-0232-4391-967B-E1FB94D2E2D8}
	EndGlobalSection
EndGlobal
